
Microsoft Visual Studio Solution File, Format Version 12.00
# Visual Studio Version 17
VisualStudioVersion = 17.11.35327.3
MinimumVisualStudioVersion = 10.0.40219.1
Project("{FAE04EC0-301F-11D3-BF4B-00C04F79EFBC}") = "BlazorStripeIntegration", "BlazorStripeIntegration\BlazorStripeIntegration\BlazorStripeIntegration.csproj", "{14D1F535-8958-4E66-B801-0D913330AB03}"
EndProject
Project("{FAE04EC0-301F-11D3-BF4B-00C04F79EFBC}") = "BlazorStripeIntegration.Client", "BlazorStripeIntegration\BlazorStripeIntegration.Client\BlazorStripeIntegration.Client.csproj", "{193D87CC-757D-4879-9C98-51C6E63831E0}"
EndProject
Global
	GlobalSection(SolutionConfigurationPlatforms) = preSolution
		Debug|Any CPU = Debug|Any CPU
		Release|Any CPU = Release|Any CPU
	EndGlobalSection
	GlobalSection(ProjectConfigurationPlatforms) = postSolution
		{14D1F535-8958-4E66-B801-0D913330AB03}.Debug|Any CPU.ActiveCfg = Debug|Any CPU
		{14D1F535-8958-4E66-B801-0D913330AB03}.Debug|Any CPU.Build.0 = Debug|Any CPU
		{14D1F535-8958-4E66-B801-0D913330AB03}.Release|Any CPU.ActiveCfg = Release|Any CPU
		{14D1F535-8958-4E66-B801-0D913330AB03}.Release|Any CPU.Build.0 = Release|Any CPU
		{193D87CC-757D-4879-9C98-51C6E63831E0}.Debug|Any CPU.ActiveCfg = Debug|Any CPU
		{193D87CC-757D-4879-9C98-51C6E63831E0}.Debug|Any CPU.Build.0 = Debug|Any CPU
		{193D87CC-757D-4879-9C98-51C6E63831E0}.Release|Any CPU.ActiveCfg = Release|Any CPU
		{193D87CC-757D-4879-9C98-51C6E63831E0}.Release|Any CPU.Build.0 = Release|Any CPU
	EndGlobalSection
	GlobalSection(SolutionProperties) = preSolution
		HideSolutionNode = FALSE
	EndGlobalSection
	GlobalSection(ExtensibilityGlobals) = postSolution
		SolutionGuid = {4068E8F5-058A-49D0-84EF-54EFF207645F}
	EndGlobalSection
EndGlobal
